
Microsoft Visual Studio Solution File, Format Version 12.00
# Visual Studio 2013
VisualStudioVersion = 12.0.31101.0
MinimumVisualStudioVersion = 10.0.40219.1
Project("{FAE04EC0-301F-11D3-BF4B-00C04F79EFBC}") = "GeneticSharp.Domain", "GeneticSharp-master\src\GeneticSharp.Domain\GeneticSharp.Domain.csproj", "{C76DC1AD-FC7E-4168-BD19-101FF84A43F7}"
EndProject
Project("{FAE04EC0-301F-11D3-BF4B-00C04F79EFBC}") = "GeneticSharp.Extensions", "GeneticSharp-master\src\GeneticSharp.Extensions\GeneticSharp.Extensions.csproj", "{699AF592-1E11-4084-B87E-9AC72ED7861B}"
EndProject
Project("{FAE04EC0-301F-11D3-BF4B-00C04F79EFBC}") = "GeneticSharp.Infrastructure.Framework", "GeneticSharp-master\src\GeneticSharp.Infrastructure.Framework\GeneticSharp.Infrastructure.Framework.csproj", "{1498D792-D02B-4A9E-8AFC-24AEBA0DEE54}"
EndProject
Project("{FAE04EC0-301F-11D3-BF4B-00C04F79EFBC}") = "GeneticSharp.Infrastructure.Threading", "GeneticSharp-master\src\GeneticSharp.Infrastructure.Threading\GeneticSharp.Infrastructure.Threading.csproj", "{F7887A7C-89E6-483A-A762-0A8FE6FCD923}"
EndProject
Project("{FAE04EC0-301F-11D3-BF4B-00C04F79EFBC}") = "Labworks.Framework", "Labworks.Framework\Labworks.Framework.csproj", "{5F7CB1AB-210D-4915-8FC6-71BA557F1BC4}"
EndProject
Project("{FAE04EC0-301F-11D3-BF4B-00C04F79EFBC}") = "Labworks.ConsoleApp", "Labworks.Console\Labworks.ConsoleApp.csproj", "{3F519986-CC3F-439F-A593-87C05C32796B}"
EndProject
Global
	GlobalSection(SolutionConfigurationPlatforms) = preSolution
		Debug|Any CPU = Debug|Any CPU
		Release|Any CPU = Release|Any CPU
	EndGlobalSection
	GlobalSection(ProjectConfigurationPlatforms) = postSolution
		{C76DC1AD-FC7E-4168-BD19-101FF84A43F7}.Debug|Any CPU.ActiveCfg = Debug|Any CPU
		{C76DC1AD-FC7E-4168-BD19-101FF84A43F7}.Debug|Any CPU.Build.0 = Debug|Any CPU
		{C76DC1AD-FC7E-4168-BD19-101FF84A43F7}.Release|Any CPU.ActiveCfg = Release|Any CPU
		{C76DC1AD-FC7E-4168-BD19-101FF84A43F7}.Release|Any CPU.Build.0 = Release|Any CPU
		{699AF592-1E11-4084-B87E-9AC72ED7861B}.Debug|Any CPU.ActiveCfg = Debug|Any CPU
		{699AF592-1E11-4084-B87E-9AC72ED7861B}.Debug|Any CPU.Build.0 = Debug|Any CPU
		{699AF592-1E11-4084-B87E-9AC72ED7861B}.Release|Any CPU.ActiveCfg = Release|Any CPU
		{699AF592-1E11-4084-B87E-9AC72ED7861B}.Release|Any CPU.Build.0 = Release|Any CPU
		{1498D792-D02B-4A9E-8AFC-24AEBA0DEE54}.Debug|Any CPU.ActiveCfg = Debug|Any CPU
		{1498D792-D02B-4A9E-8AFC-24AEBA0DEE54}.Debug|Any CPU.Build.0 = Debug|Any CPU
		{1498D792-D02B-4A9E-8AFC-24AEBA0DEE54}.Release|Any CPU.ActiveCfg = Release|Any CPU
		{1498D792-D02B-4A9E-8AFC-24AEBA0DEE54}.Release|Any CPU.Build.0 = Release|Any CPU
		{F7887A7C-89E6-483A-A762-0A8FE6FCD923}.Debug|Any CPU.ActiveCfg = Debug|Any CPU
		{F7887A7C-89E6-483A-A762-0A8FE6FCD923}.Debug|Any CPU.Build.0 = Debug|Any CPU
		{F7887A7C-89E6-483A-A762-0A8FE6FCD923}.Release|Any CPU.ActiveCfg = Release|Any CPU
		{F7887A7C-89E6-483A-A762-0A8FE6FCD923}.Release|Any CPU.Build.0 = Release|Any CPU
		{5F7CB1AB-210D-4915-8FC6-71BA557F1BC4}.Debug|Any CPU.ActiveCfg = Debug|Any CPU
		{5F7CB1AB-210D-4915-8FC6-71BA557F1BC4}.Debug|Any CPU.Build.0 = Debug|Any CPU
		{5F7CB1AB-210D-4915-8FC6-71BA557F1BC4}.Release|Any CPU.ActiveCfg = Release|Any CPU
		{5F7CB1AB-210D-4915-8FC6-71BA557F1BC4}.Release|Any CPU.Build.0 = Release|Any CPU
		{3F519986-CC3F-439F-A593-87C05C32796B}.Debug|Any CPU.ActiveCfg = Debug|Any CPU
		{3F519986-CC3F-439F-A593-87C05C32796B}.Debug|Any CPU.Build.0 = Debug|Any CPU
		{3F519986-CC3F-439F-A593-87C05C32796B}.Release|Any CPU.ActiveCfg = Release|Any CPU
		{3F519986-CC3F-439F-A593-87C05C32796B}.Release|Any CPU.Build.0 = Release|Any CPU
	EndGlobalSection
	GlobalSection(SolutionProperties) = preSolution
		HideSolutionNode = FALSE
	EndGlobalSection
EndGlobal
