
Microsoft Visual Studio Solution File, Format Version 12.00
# Visual Studio 2013
VisualStudioVersion = 12.0.31101.0
MinimumVisualStudioVersion = 10.0.40219.1
Project("{FAE04EC0-301F-11D3-BF4B-00C04F79EFBC}") = "Labworks.Framework", "Labworks.Framework\Labworks.Framework.csproj", "{5F7CB1AB-210D-4915-8FC6-71BA557F1BC4}"
EndProject
Project("{FAE04EC0-301F-11D3-BF4B-00C04F79EFBC}") = "Labworks.ConsoleApp", "Labworks.Console\Labworks.ConsoleApp.csproj", "{3F519986-CC3F-439F-A593-87C05C32796B}"
EndProject
Global
	GlobalSection(SolutionConfigurationPlatforms) = preSolution
		Debug|Any CPU = Debug|Any CPU
		Release|Any CPU = Release|Any CPU
	EndGlobalSection
	GlobalSection(ProjectConfigurationPlatforms) = postSolution
		{5F7CB1AB-210D-4915-8FC6-71BA557F1BC4}.Debug|Any CPU.ActiveCfg = Debug|Any CPU
		{5F7CB1AB-210D-4915-8FC6-71BA557F1BC4}.Debug|Any CPU.Build.0 = Debug|Any CPU
		{5F7CB1AB-210D-4915-8FC6-71BA557F1BC4}.Release|Any CPU.ActiveCfg = Release|Any CPU
		{5F7CB1AB-210D-4915-8FC6-71BA557F1BC4}.Release|Any CPU.Build.0 = Release|Any CPU
		{3F519986-CC3F-439F-A593-87C05C32796B}.Debug|Any CPU.ActiveCfg = Debug|Any CPU
		{3F519986-CC3F-439F-A593-87C05C32796B}.Debug|Any CPU.Build.0 = Debug|Any CPU
		{3F519986-CC3F-439F-A593-87C05C32796B}.Release|Any CPU.ActiveCfg = Release|Any CPU
		{3F519986-CC3F-439F-A593-87C05C32796B}.Release|Any CPU.Build.0 = Release|Any CPU
	EndGlobalSection
	GlobalSection(SolutionProperties) = preSolution
		HideSolutionNode = FALSE
	EndGlobalSection
EndGlobal
